
Microsoft Visual Studio Solution File, Format Version 12.00
# Visual Studio Version 17
VisualStudioVersion = 17.0.32014.148
MinimumVisualStudioVersion = 10.0.40219.1
Project("{9A19103F-16F7-4668-BE54-9A1E7A4F7556}") = "Domotica.Core", "Domotica.Core\Domotica.Core.csproj", "{FE083CF1-8605-40AB-9B08-49F956868603}"
EndProject
Global
	GlobalSection(SolutionConfigurationPlatforms) = preSolution
		Debug|Any CPU = Debug|Any CPU
		Release|Any CPU = Release|Any CPU
	EndGlobalSection
	GlobalSection(ProjectConfigurationPlatforms) = postSolution
		{FE083CF1-8605-40AB-9B08-49F956868603}.Debug|Any CPU.ActiveCfg = Debug|Any CPU
		{FE083CF1-8605-40AB-9B08-49F956868603}.Debug|Any CPU.Build.0 = Debug|Any CPU
		{FE083CF1-8605-40AB-9B08-49F956868603}.Release|Any CPU.ActiveCfg = Release|Any CPU
		{FE083CF1-8605-40AB-9B08-49F956868603}.Release|Any CPU.Build.0 = Release|Any CPU
	EndGlobalSection
	GlobalSection(SolutionProperties) = preSolution
		HideSolutionNode = FALSE
	EndGlobalSection
	GlobalSection(ExtensibilityGlobals) = postSolution
		SolutionGuid = {FD376AA3-20E4-40AB-8A85-92943BA74697}
	EndGlobalSection
EndGlobal
